// !$*UTF8*$!
{
	archiveVersion = 1;
	classes = {
	};
	objectVersion = 55;
	objects = {

/* Begin PBXBuildFile section */
		1B5FFE6B28222AB100EC5AD7 /* AppDelegate.swift in Sources */ = {isa = PBXBuildFile; fileRef = 1B5FFE6A28222AB100EC5AD7 /* AppDelegate.swift */; };
		1B5FFE6D28222AB100EC5AD7 /* SceneDelegate.swift in Sources */ = {isa = PBXBuildFile; fileRef = 1B5FFE6C28222AB100EC5AD7 /* SceneDelegate.swift */; };
		1B5FFE7228222AB100EC5AD7 /* Main.storyboard in Resources */ = {isa = PBXBuildFile; fileRef = 1B5FFE7028222AB100EC5AD7 /* Main.storyboard */; };
		1B5FFE7428222AB500EC5AD7 /* Assets.xcassets in Resources */ = {isa = PBXBuildFile; fileRef = 1B5FFE7328222AB500EC5AD7 /* Assets.xcassets */; };
		1B5FFE7728222AB500EC5AD7 /* LaunchScreen.storyboard in Resources */ = {isa = PBXBuildFile; fileRef = 1B5FFE7528222AB500EC5AD7 /* LaunchScreen.storyboard */; };
		1B5FFE7F28222D7800EC5AD7 /* TvShow.swift in Sources */ = {isa = PBXBuildFile; fileRef = 1B5FFE7E28222D7800EC5AD7 /* TvShow.swift */; };
		1B5FFE8128222E1B00EC5AD7 /* TvShowInformation.swift in Sources */ = {isa = PBXBuildFile; fileRef = 1B5FFE8028222E1B00EC5AD7 /* TvShowInformation.swift */; };
		1B82ECCC282259BF0033104C /* MainViewController.swift in Sources */ = {isa = PBXBuildFile; fileRef = 1B82ECCB282259BF0033104C /* MainViewController.swift */; };
		1B82ECCE28225AAE0033104C /* MainTableViewCell.swift in Sources */ = {isa = PBXBuildFile; fileRef = 1B82ECCD28225AAE0033104C /* MainTableViewCell.swift */; };
		1B82ECD2282289650033104C /* SearchViewController.swift in Sources */ = {isa = PBXBuildFile; fileRef = 1B82ECD1282289650033104C /* SearchViewController.swift */; };
		1B82ECD428228DBB0033104C /* SearchTableViewCell.swift in Sources */ = {isa = PBXBuildFile; fileRef = 1B82ECD328228DBB0033104C /* SearchTableViewCell.swift */; };
		1B82ECD628235B7E0033104C /* CastViewController.swift in Sources */ = {isa = PBXBuildFile; fileRef = 1B82ECD528235B7E0033104C /* CastViewController.swift */; };
		1B82ECD828235BA50033104C /* CastTableViewCell.swift in Sources */ = {isa = PBXBuildFile; fileRef = 1B82ECD728235BA50033104C /* CastTableViewCell.swift */; };
		1B82ED0528237EDE0033104C /* Kingfisher in Frameworks */ = {isa = PBXBuildFile; productRef = 1B82ED0428237EDE0033104C /* Kingfisher */; };
		1B82ED142824AD950033104C /* CastOverTableViewCell.swift in Sources */ = {isa = PBXBuildFile; fileRef = 1B82ED122824AD950033104C /* CastOverTableViewCell.swift */; };
		1B82ED152824AD950033104C /* CastOverTableViewCell.xib in Resources */ = {isa = PBXBuildFile; fileRef = 1B82ED132824AD950033104C /* CastOverTableViewCell.xib */; };
		1BDA022D2824F67F00E75205 /* BookViewController.swift in Sources */ = {isa = PBXBuildFile; fileRef = 1BDA022C2824F67F00E75205 /* BookViewController.swift */; };
		1BDA02302824F6A800E75205 /* BookCollectionViewCell.swift in Sources */ = {isa = PBXBuildFile; fileRef = 1BDA022E2824F6A800E75205 /* BookCollectionViewCell.swift */; };
		1BDA02312824F6A800E75205 /* BookCollectionViewCell.xib in Resources */ = {isa = PBXBuildFile; fileRef = 1BDA022F2824F6A800E75205 /* BookCollectionViewCell.xib */; };
		1BDA02382824F85200E75205 /* Const.swift in Sources */ = {isa = PBXBuildFile; fileRef = 1BDA02372824F85200E75205 /* Const.swift */; };
		1BDA023A2824F8A100E75205 /* ViewController.swift in Sources */ = {isa = PBXBuildFile; fileRef = 1BDA02392824F8A100E75205 /* ViewController.swift */; };
		1BDA02402824F9BD00E75205 /* CustomCell.swift in Sources */ = {isa = PBXBuildFile; fileRef = 1BDA023F2824F9BD00E75205 /* CustomCell.swift */; };
		1BDA02432825079200E75205 /* Toast in Frameworks */ = {isa = PBXBuildFile; productRef = 1BDA02422825079200E75205 /* Toast */; };
/* End PBXBuildFile section */

/* Begin PBXFileReference section */
		1B5FFE6728222AB100EC5AD7 /* MyMediaUIExample.app */ = {isa = PBXFileReference; explicitFileType = wrapper.application; includeInIndex = 0; path = MyMediaUIExample.app; sourceTree = BUILT_PRODUCTS_DIR; };
		1B5FFE6A28222AB100EC5AD7 /* AppDelegate.swift */ = {isa = PBXFileReference; lastKnownFileType = sourcecode.swift; path = AppDelegate.swift; sourceTree = "<group>"; };
		1B5FFE6C28222AB100EC5AD7 /* SceneDelegate.swift */ = {isa = PBXFileReference; lastKnownFileType = sourcecode.swift; path = SceneDelegate.swift; sourceTree = "<group>"; };
		1B5FFE7128222AB100EC5AD7 /* Base */ = {isa = PBXFileReference; lastKnownFileType = file.storyboard; name = Base; path = Base.lproj/Main.storyboard; sourceTree = "<group>"; };
		1B5FFE7328222AB500EC5AD7 /* Assets.xcassets */ = {isa = PBXFileReference; lastKnownFileType = folder.assetcatalog; path = Assets.xcassets; sourceTree = "<group>"; };
		1B5FFE7628222AB500EC5AD7 /* Base */ = {isa = PBXFileReference; lastKnownFileType = file.storyboard; name = Base; path = Base.lproj/LaunchScreen.storyboard; sourceTree = "<group>"; };
		1B5FFE7828222AB500EC5AD7 /* Info.plist */ = {isa = PBXFileReference; lastKnownFileType = text.plist.xml; path = Info.plist; sourceTree = "<group>"; };
		1B5FFE7E28222D7800EC5AD7 /* TvShow.swift */ = {isa = PBXFileReference; lastKnownFileType = sourcecode.swift; path = TvShow.swift; sourceTree = "<group>"; };
		1B5FFE8028222E1B00EC5AD7 /* TvShowInformation.swift */ = {isa = PBXFileReference; lastKnownFileType = sourcecode.swift; path = TvShowInformation.swift; sourceTree = "<group>"; };
		1B82ECCB282259BF0033104C /* MainViewController.swift */ = {isa = PBXFileReference; lastKnownFileType = sourcecode.swift; path = MainViewController.swift; sourceTree = "<group>"; };
		1B82ECCD28225AAE0033104C /* MainTableViewCell.swift */ = {isa = PBXFileReference; lastKnownFileType = sourcecode.swift; path = MainTableViewCell.swift; sourceTree = "<group>"; };
		1B82ECD1282289650033104C /* SearchViewController.swift */ = {isa = PBXFileReference; lastKnownFileType = sourcecode.swift; path = SearchViewController.swift; sourceTree = "<group>"; };
		1B82ECD328228DBB0033104C /* SearchTableViewCell.swift */ = {isa = PBXFileReference; lastKnownFileType = sourcecode.swift; path = SearchTableViewCell.swift; sourceTree = "<group>"; };
		1B82ECD528235B7E0033104C /* CastViewController.swift */ = {isa = PBXFileReference; lastKnownFileType = sourcecode.swift; path = CastViewController.swift; sourceTree = "<group>"; };
		1B82ECD728235BA50033104C /* CastTableViewCell.swift */ = {isa = PBXFileReference; lastKnownFileType = sourcecode.swift; path = CastTableViewCell.swift; sourceTree = "<group>"; };
		1B82ED122824AD950033104C /* CastOverTableViewCell.swift */ = {isa = PBXFileReference; lastKnownFileType = sourcecode.swift; path = CastOverTableViewCell.swift; sourceTree = "<group>"; };
		1B82ED132824AD950033104C /* CastOverTableViewCell.xib */ = {isa = PBXFileReference; lastKnownFileType = file.xib; path = CastOverTableViewCell.xib; sourceTree = "<group>"; };
		1BDA022C2824F67F00E75205 /* BookViewController.swift */ = {isa = PBXFileReference; lastKnownFileType = sourcecode.swift; path = BookViewController.swift; sourceTree = "<group>"; };
		1BDA022E2824F6A800E75205 /* BookCollectionViewCell.swift */ = {isa = PBXFileReference; lastKnownFileType = sourcecode.swift; path = BookCollectionViewCell.swift; sourceTree = "<group>"; };
		1BDA022F2824F6A800E75205 /* BookCollectionViewCell.xib */ = {isa = PBXFileReference; lastKnownFileType = file.xib; path = BookCollectionViewCell.xib; sourceTree = "<group>"; };
		1BDA02372824F85200E75205 /* Const.swift */ = {isa = PBXFileReference; lastKnownFileType = sourcecode.swift; path = Const.swift; sourceTree = "<group>"; };
		1BDA02392824F8A100E75205 /* ViewController.swift */ = {isa = PBXFileReference; lastKnownFileType = sourcecode.swift; path = ViewController.swift; sourceTree = "<group>"; };
		1BDA023F2824F9BD00E75205 /* CustomCell.swift */ = {isa = PBXFileReference; lastKnownFileType = sourcecode.swift; path = CustomCell.swift; sourceTree = "<group>"; };
/* End PBXFileReference section */

/* Begin PBXFrameworksBuildPhase section */
		1B5FFE6428222AB100EC5AD7 /* Frameworks */ = {
			isa = PBXFrameworksBuildPhase;
			buildActionMask = 2147483647;
			files = (
				1BDA02432825079200E75205 /* Toast in Frameworks */,
				1B82ED0528237EDE0033104C /* Kingfisher in Frameworks */,
			);
			runOnlyForDeploymentPostprocessing = 0;
		};
/* End PBXFrameworksBuildPhase section */

/* Begin PBXGroup section */
		1B5FFE5E28222AB100EC5AD7 = {
			isa = PBXGroup;
			children = (
				1B5FFE6928222AB100EC5AD7 /* MyMediaUIExample */,
				1B5FFE6828222AB100EC5AD7 /* Products */,
			);
			sourceTree = "<group>";
		};
		1B5FFE6828222AB100EC5AD7 /* Products */ = {
			isa = PBXGroup;
			children = (
				1B5FFE6728222AB100EC5AD7 /* MyMediaUIExample.app */,
			);
			name = Products;
			sourceTree = "<group>";
		};
		1B5FFE6928222AB100EC5AD7 /* MyMediaUIExample */ = {
			isa = PBXGroup;
			children = (
				1BDA02342824F82500E75205 /* Consts */,
				1B5FFE6A28222AB100EC5AD7 /* AppDelegate.swift */,
				1B5FFE6C28222AB100EC5AD7 /* SceneDelegate.swift */,
				1BDA023E2824F98B00E75205 /* Data */,
				1B5FFE7028222AB100EC5AD7 /* Main.storyboard */,
				1BDA023B2824F94A00E75205 /* Book */,
				1BDA023C2824F96000E75205 /* Cast */,
				1BDA023D2824F96C00E75205 /* Search */,
				1B82ECCB282259BF0033104C /* MainViewController.swift */,
				1B82ECCD28225AAE0033104C /* MainTableViewCell.swift */,
				1B5FFE7328222AB500EC5AD7 /* Assets.xcassets */,
				1B5FFE7528222AB500EC5AD7 /* LaunchScreen.storyboard */,
				1B5FFE7828222AB500EC5AD7 /* Info.plist */,
			);
			path = MyMediaUIExample;
			sourceTree = "<group>";
		};
		1BDA02342824F82500E75205 /* Consts */ = {
			isa = PBXGroup;
			children = (
				1BDA02372824F85200E75205 /* Const.swift */,
				1BDA02392824F8A100E75205 /* ViewController.swift */,
				1BDA023F2824F9BD00E75205 /* CustomCell.swift */,
			);
			path = Consts;
			sourceTree = "<group>";
		};
		1BDA023B2824F94A00E75205 /* Book */ = {
			isa = PBXGroup;
			children = (
				1BDA022E2824F6A800E75205 /* BookCollectionViewCell.swift */,
				1BDA022F2824F6A800E75205 /* BookCollectionViewCell.xib */,
				1BDA022C2824F67F00E75205 /* BookViewController.swift */,
			);
			path = Book;
			sourceTree = "<group>";
		};
		1BDA023C2824F96000E75205 /* Cast */ = {
			isa = PBXGroup;
			children = (
				1B82ED122824AD950033104C /* CastOverTableViewCell.swift */,
				1B82ED132824AD950033104C /* CastOverTableViewCell.xib */,
				1B82ECD728235BA50033104C /* CastTableViewCell.swift */,
				1B82ECD528235B7E0033104C /* CastViewController.swift */,
			);
			path = Cast;
			sourceTree = "<group>";
		};
		1BDA023D2824F96C00E75205 /* Search */ = {
			isa = PBXGroup;
			children = (
				1B82ECD328228DBB0033104C /* SearchTableViewCell.swift */,
				1B82ECD1282289650033104C /* SearchViewController.swift */,
			);
			path = Search;
			sourceTree = "<group>";
		};
		1BDA023E2824F98B00E75205 /* Data */ = {
			isa = PBXGroup;
			children = (
				1B5FFE7E28222D7800EC5AD7 /* TvShow.swift */,
				1B5FFE8028222E1B00EC5AD7 /* TvShowInformation.swift */,
			);
			path = Data;
			sourceTree = "<group>";
		};
/* End PBXGroup section */

/* Begin PBXNativeTarget section */
		1B5FFE6628222AB100EC5AD7 /* MyMediaUIExample */ = {
			isa = PBXNativeTarget;
			buildConfigurationList = 1B5FFE7B28222AB500EC5AD7 /* Build configuration list for PBXNativeTarget "MyMediaUIExample" */;
			buildPhases = (
				1B5FFE6328222AB100EC5AD7 /* Sources */,
				1B5FFE6428222AB100EC5AD7 /* Frameworks */,
				1B5FFE6528222AB100EC5AD7 /* Resources */,
			);
			buildRules = (
			);
			dependencies = (
			);
			name = MyMediaUIExample;
			packageProductDependencies = (
				1B82ED0428237EDE0033104C /* Kingfisher */,
				1BDA02422825079200E75205 /* Toast */,
			);
			productName = MyMediaUIExample;
			productReference = 1B5FFE6728222AB100EC5AD7 /* MyMediaUIExample.app */;
			productType = "com.apple.product-type.application";
		};
/* End PBXNativeTarget section */

/* Begin PBXProject section */
		1B5FFE5F28222AB100EC5AD7 /* Project object */ = {
			isa = PBXProject;
			attributes = {
				BuildIndependentTargetsInParallel = 1;
				LastSwiftUpdateCheck = 1330;
				LastUpgradeCheck = 1330;
				TargetAttributes = {
					1B5FFE6628222AB100EC5AD7 = {
						CreatedOnToolsVersion = 13.3.1;
					};
				};
			};
			buildConfigurationList = 1B5FFE6228222AB100EC5AD7 /* Build configuration list for PBXProject "MyMediaUIExample" */;
			compatibilityVersion = "Xcode 13.0";
			developmentRegion = en;
			hasScannedForEncodings = 0;
			knownRegions = (
				en,
				Base,
			);
			mainGroup = 1B5FFE5E28222AB100EC5AD7;
			packageReferences = (
				1B82ED0328237EDE0033104C /* XCRemoteSwiftPackageReference "Kingfisher" */,
				1BDA02412825079200E75205 /* XCRemoteSwiftPackageReference "Toast-Swift" */,
			);
			productRefGroup = 1B5FFE6828222AB100EC5AD7 /* Products */;
			projectDirPath = "";
			projectRoot = "";
			targets = (
				1B5FFE6628222AB100EC5AD7 /* MyMediaUIExample */,
			);
		};
/* End PBXProject section */

/* Begin PBXResourcesBuildPhase section */
		1B5FFE6528222AB100EC5AD7 /* Resources */ = {
			isa = PBXResourcesBuildPhase;
			buildActionMask = 2147483647;
			files = (
				1B82ED152824AD950033104C /* CastOverTableViewCell.xib in Resources */,
				1B5FFE7728222AB500EC5AD7 /* LaunchScreen.storyboard in Resources */,
				1B5FFE7428222AB500EC5AD7 /* Assets.xcassets in Resources */,
				1B5FFE7228222AB100EC5AD7 /* Main.storyboard in Resources */,
				1BDA02312824F6A800E75205 /* BookCollectionViewCell.xib in Resources */,
			);
			runOnlyForDeploymentPostprocessing = 0;
		};
/* End PBXResourcesBuildPhase section */

/* Begin PBXSourcesBuildPhase section */
		1B5FFE6328222AB100EC5AD7 /* Sources */ = {
			isa = PBXSourcesBuildPhase;
			buildActionMask = 2147483647;
			files = (
				1B5FFE8128222E1B00EC5AD7 /* TvShowInformation.swift in Sources */,
				1B5FFE6B28222AB100EC5AD7 /* AppDelegate.swift in Sources */,
				1B82ECD2282289650033104C /* SearchViewController.swift in Sources */,
				1B82ECCE28225AAE0033104C /* MainTableViewCell.swift in Sources */,
				1B82ECCC282259BF0033104C /* MainViewController.swift in Sources */,
				1B82ECD628235B7E0033104C /* CastViewController.swift in Sources */,
				1BDA02402824F9BD00E75205 /* CustomCell.swift in Sources */,
				1B5FFE7F28222D7800EC5AD7 /* TvShow.swift in Sources */,
				1B82ED142824AD950033104C /* CastOverTableViewCell.swift in Sources */,
				1BDA022D2824F67F00E75205 /* BookViewController.swift in Sources */,
				1B82ECD828235BA50033104C /* CastTableViewCell.swift in Sources */,
				1BDA02302824F6A800E75205 /* BookCollectionViewCell.swift in Sources */,
				1BDA02382824F85200E75205 /* Const.swift in Sources */,
				1B5FFE6D28222AB100EC5AD7 /* SceneDelegate.swift in Sources */,
				1BDA023A2824F8A100E75205 /* ViewController.swift in Sources */,
				1B82ECD428228DBB0033104C /* SearchTableViewCell.swift in Sources */,
			);
			runOnlyForDeploymentPostprocessing = 0;
		};
/* End PBXSourcesBuildPhase section */

/* Begin PBXVariantGroup section */
		1B5FFE7028222AB100EC5AD7 /* Main.storyboard */ = {
			isa = PBXVariantGroup;
			children = (
				1B5FFE7128222AB100EC5AD7 /* Base */,
			);
			name = Main.storyboard;
			sourceTree = "<group>";
		};
		1B5FFE7528222AB500EC5AD7 /* LaunchScreen.storyboard */ = {
			isa = PBXVariantGroup;
			children = (
				1B5FFE7628222AB500EC5AD7 /* Base */,
			);
			name = LaunchScreen.storyboard;
			sourceTree = "<group>";
		};
/* End PBXVariantGroup section */

/* Begin XCBuildConfiguration section */
		1B5FFE7928222AB500EC5AD7 /* Debug */ = {
			isa = XCBuildConfiguration;
			buildSettings = {
				ALWAYS_SEARCH_USER_PATHS = NO;
				CLANG_ANALYZER_NONNULL = YES;
				CLANG_ANALYZER_NUMBER_OBJECT_CONVERSION = YES_AGGRESSIVE;
				CLANG_CXX_LANGUAGE_STANDARD = "gnu++17";
				CLANG_ENABLE_MODULES = YES;
				CLANG_ENABLE_OBJC_ARC = YES;
				CLANG_ENABLE_OBJC_WEAK = YES;
				CLANG_WARN_BLOCK_CAPTURE_AUTORELEASING = YES;
				CLANG_WARN_BOOL_CONVERSION = YES;
				CLANG_WARN_COMMA = YES;
				CLANG_WARN_CONSTANT_CONVERSION = YES;
				CLANG_WARN_DEPRECATED_OBJC_IMPLEMENTATIONS = YES;
				CLANG_WARN_DIRECT_OBJC_ISA_USAGE = YES_ERROR;
				CLANG_WARN_DOCUMENTATION_COMMENTS = YES;
				CLANG_WARN_EMPTY_BODY = YES;
				CLANG_WARN_ENUM_CONVERSION = YES;
				CLANG_WARN_INFINITE_RECURSION = YES;
				CLANG_WARN_INT_CONVERSION = YES;
				CLANG_WARN_NON_LITERAL_NULL_CONVERSION = YES;
				CLANG_WARN_OBJC_IMPLICIT_RETAIN_SELF = YES;
				CLANG_WARN_OBJC_LITERAL_CONVERSION = YES;
				CLANG_WARN_OBJC_ROOT_CLASS = YES_ERROR;
				CLANG_WARN_QUOTED_INCLUDE_IN_FRAMEWORK_HEADER = YES;
				CLANG_WARN_RANGE_LOOP_ANALYSIS = YES;
				CLANG_WARN_STRICT_PROTOTYPES = YES;
				CLANG_WARN_SUSPICIOUS_MOVE = YES;
				CLANG_WARN_UNGUARDED_AVAILABILITY = YES_AGGRESSIVE;
				CLANG_WARN_UNREACHABLE_CODE = YES;
				CLANG_WARN__DUPLICATE_METHOD_MATCH = YES;
				COPY_PHASE_STRIP = NO;
				DEBUG_INFORMATION_FORMAT = dwarf;
				ENABLE_STRICT_OBJC_MSGSEND = YES;
				ENABLE_TESTABILITY = YES;
				GCC_C_LANGUAGE_STANDARD = gnu11;
				GCC_DYNAMIC_NO_PIC = NO;
				GCC_NO_COMMON_BLOCKS = YES;
				GCC_OPTIMIZATION_LEVEL = 0;
				GCC_PREPROCESSOR_DEFINITIONS = (
					"DEBUG=1",
					"$(inherited)",
				);
				GCC_WARN_64_TO_32_BIT_CONVERSION = YES;
				GCC_WARN_ABOUT_RETURN_TYPE = YES_ERROR;
				GCC_WARN_UNDECLARED_SELECTOR = YES;
				GCC_WARN_UNINITIALIZED_AUTOS = YES_AGGRESSIVE;
				GCC_WARN_UNUSED_FUNCTION = YES;
				GCC_WARN_UNUSED_VARIABLE = YES;
				IPHONEOS_DEPLOYMENT_TARGET = 15.4;
				MTL_ENABLE_DEBUG_INFO = INCLUDE_SOURCE;
				MTL_FAST_MATH = YES;
				ONLY_ACTIVE_ARCH = YES;
				SDKROOT = iphoneos;
				SWIFT_ACTIVE_COMPILATION_CONDITIONS = DEBUG;
				SWIFT_OPTIMIZATION_LEVEL = "-Onone";
			};
			name = Debug;
		};
		1B5FFE7A28222AB500EC5AD7 /* Release */ = {
			isa = XCBuildConfiguration;
			buildSettings = {
				ALWAYS_SEARCH_USER_PATHS = NO;
				CLANG_ANALYZER_NONNULL = YES;
				CLANG_ANALYZER_NUMBER_OBJECT_CONVERSION = YES_AGGRESSIVE;
				CLANG_CXX_LANGUAGE_STANDARD = "gnu++17";
				CLANG_ENABLE_MODULES = YES;
				CLANG_ENABLE_OBJC_ARC = YES;
				CLANG_ENABLE_OBJC_WEAK = YES;
				CLANG_WARN_BLOCK_CAPTURE_AUTORELEASING = YES;
				CLANG_WARN_BOOL_CONVERSION = YES;
				CLANG_WARN_COMMA = YES;
				CLANG_WARN_CONSTANT_CONVERSION = YES;
				CLANG_WARN_DEPRECATED_OBJC_IMPLEMENTATIONS = YES;
				CLANG_WARN_DIRECT_OBJC_ISA_USAGE = YES_ERROR;
				CLANG_WARN_DOCUMENTATION_COMMENTS = YES;
				CLANG_WARN_EMPTY_BODY = YES;
				CLANG_WARN_ENUM_CONVERSION = YES;
				CLANG_WARN_INFINITE_RECURSION = YES;
				CLANG_WARN_INT_CONVERSION = YES;
				CLANG_WARN_NON_LITERAL_NULL_CONVERSION = YES;
				CLANG_WARN_OBJC_IMPLICIT_RETAIN_SELF = YES;
				CLANG_WARN_OBJC_LITERAL_CONVERSION = YES;
				CLANG_WARN_OBJC_ROOT_CLASS = YES_ERROR;
				CLANG_WARN_QUOTED_INCLUDE_IN_FRAMEWORK_HEADER = YES;
				CLANG_WARN_RANGE_LOOP_ANALYSIS = YES;
				CLANG_WARN_STRICT_PROTOTYPES = YES;
				CLANG_WARN_SUSPICIOUS_MOVE = YES;
				CLANG_WARN_UNGUARDED_AVAILABILITY = YES_AGGRESSIVE;
				CLANG_WARN_UNREACHABLE_CODE = YES;
				CLANG_WARN__DUPLICATE_METHOD_MATCH = YES;
				COPY_PHASE_STRIP = NO;
				DEBUG_INFORMATION_FORMAT = "dwarf-with-dsym";
				ENABLE_NS_ASSERTIONS = NO;
				ENABLE_STRICT_OBJC_MSGSEND = YES;
				GCC_C_LANGUAGE_STANDARD = gnu11;
				GCC_NO_COMMON_BLOCKS = YES;
				GCC_WARN_64_TO_32_BIT_CONVERSION = YES;
				GCC_WARN_ABOUT_RETURN_TYPE = YES_ERROR;
				GCC_WARN_UNDECLARED_SELECTOR = YES;
				GCC_WARN_UNINITIALIZED_AUTOS = YES_AGGRESSIVE;
				GCC_WARN_UNUSED_FUNCTION = YES;
				GCC_WARN_UNUSED_VARIABLE = YES;
				IPHONEOS_DEPLOYMENT_TARGET = 15.4;
				MTL_ENABLE_DEBUG_INFO = NO;
				MTL_FAST_MATH = YES;
				SDKROOT = iphoneos;
				SWIFT_COMPILATION_MODE = wholemodule;
				SWIFT_OPTIMIZATION_LEVEL = "-O";
				VALIDATE_PRODUCT = YES;
			};
			name = Release;
		};
		1B5FFE7C28222AB500EC5AD7 /* Debug */ = {
			isa = XCBuildConfiguration;
			buildSettings = {
				ASSETCATALOG_COMPILER_APPICON_NAME = AppIcon;
				ASSETCATALOG_COMPILER_GLOBAL_ACCENT_COLOR_NAME = AccentColor;
				CODE_SIGN_STYLE = Automatic;
				CURRENT_PROJECT_VERSION = 1;
				GENERATE_INFOPLIST_FILE = YES;
				INFOPLIST_FILE = MyMediaUIExample/Info.plist;
				INFOPLIST_KEY_UIApplicationSupportsIndirectInputEvents = YES;
				INFOPLIST_KEY_UILaunchStoryboardName = LaunchScreen;
				INFOPLIST_KEY_UIMainStoryboardFile = Main;
				INFOPLIST_KEY_UISupportedInterfaceOrientations_iPad = "UIInterfaceOrientationPortrait UIInterfaceOrientationPortraitUpsideDown UIInterfaceOrientationLandscapeLeft UIInterfaceOrientationLandscapeRight";
				INFOPLIST_KEY_UISupportedInterfaceOrientations_iPhone = "UIInterfaceOrientationPortrait UIInterfaceOrientationLandscapeLeft UIInterfaceOrientationLandscapeRight";
				LD_RUNPATH_SEARCH_PATHS = (
					"$(inherited)",
					"@executable_path/Frameworks",
				);
				MARKETING_VERSION = 1.0;
				PRODUCT_BUNDLE_IDENTIFIER = com.bro.MyMediaUIExample;
				PRODUCT_NAME = "$(TARGET_NAME)";
				SWIFT_EMIT_LOC_STRINGS = YES;
				SWIFT_VERSION = 5.0;
				TARGETED_DEVICE_FAMILY = "1,2";
			};
			name = Debug;
		};
		1B5FFE7D28222AB500EC5AD7 /* Release */ = {
			isa = XCBuildConfiguration;
			buildSettings = {
				ASSETCATALOG_COMPILER_APPICON_NAME = AppIcon;
				ASSETCATALOG_COMPILER_GLOBAL_ACCENT_COLOR_NAME = AccentColor;
				CODE_SIGN_STYLE = Automatic;
				CURRENT_PROJECT_VERSION = 1;
				GENERATE_INFOPLIST_FILE = YES;
				INFOPLIST_FILE = MyMediaUIExample/Info.plist;
				INFOPLIST_KEY_UIApplicationSupportsIndirectInputEvents = YES;
				INFOPLIST_KEY_UILaunchStoryboardName = LaunchScreen;
				INFOPLIST_KEY_UIMainStoryboardFile = Main;
				INFOPLIST_KEY_UISupportedInterfaceOrientations_iPad = "UIInterfaceOrientationPortrait UIInterfaceOrientationPortraitUpsideDown UIInterfaceOrientationLandscapeLeft UIInterfaceOrientationLandscapeRight";
				INFOPLIST_KEY_UISupportedInterfaceOrientations_iPhone = "UIInterfaceOrientationPortrait UIInterfaceOrientationLandscapeLeft UIInterfaceOrientationLandscapeRight";
				LD_RUNPATH_SEARCH_PATHS = (
					"$(inherited)",
					"@executable_path/Frameworks",
				);
				MARKETING_VERSION = 1.0;
				PRODUCT_BUNDLE_IDENTIFIER = com.bro.MyMediaUIExample;
				PRODUCT_NAME = "$(TARGET_NAME)";
				SWIFT_EMIT_LOC_STRINGS = YES;
				SWIFT_VERSION = 5.0;
				TARGETED_DEVICE_FAMILY = "1,2";
			};
			name = Release;
		};
/* End XCBuildConfiguration section */

/* Begin XCConfigurationList section */
		1B5FFE6228222AB100EC5AD7 /* Build configuration list for PBXProject "MyMediaUIExample" */ = {
			isa = XCConfigurationList;
			buildConfigurations = (
				1B5FFE7928222AB500EC5AD7 /* Debug */,
				1B5FFE7A28222AB500EC5AD7 /* Release */,
			);
			defaultConfigurationIsVisible = 0;
			defaultConfigurationName = Release;
		};
		1B5FFE7B28222AB500EC5AD7 /* Build configuration list for PBXNativeTarget "MyMediaUIExample" */ = {
			isa = XCConfigurationList;
			buildConfigurations = (
				1B5FFE7C28222AB500EC5AD7 /* Debug */,
				1B5FFE7D28222AB500EC5AD7 /* Release */,
			);
			defaultConfigurationIsVisible = 0;
			defaultConfigurationName = Release;
		};
/* End XCConfigurationList section */

/* Begin XCRemoteSwiftPackageReference section */
		1B82ED0328237EDE0033104C /* XCRemoteSwiftPackageReference "Kingfisher" */ = {
			isa = XCRemoteSwiftPackageReference;
			repositoryURL = "https://github.com/onevcat/Kingfisher.git";
			requirement = {
				kind = upToNextMajorVersion;
				minimumVersion = 7.0.0;
			};
		};
		1BDA02412825079200E75205 /* XCRemoteSwiftPackageReference "Toast-Swift" */ = {
			isa = XCRemoteSwiftPackageReference;
			repositoryURL = "https://github.com/scalessec/Toast-Swift.git";
			requirement = {
				kind = upToNextMajorVersion;
				minimumVersion = 5.0.0;
			};
		};
/* End XCRemoteSwiftPackageReference section */

/* Begin XCSwiftPackageProductDependency section */
		1B82ED0428237EDE0033104C /* Kingfisher */ = {
			isa = XCSwiftPackageProductDependency;
			package = 1B82ED0328237EDE0033104C /* XCRemoteSwiftPackageReference "Kingfisher" */;
			productName = Kingfisher;
		};
		1BDA02422825079200E75205 /* Toast */ = {
			isa = XCSwiftPackageProductDependency;
			package = 1BDA02412825079200E75205 /* XCRemoteSwiftPackageReference "Toast-Swift" */;
			productName = Toast;
		};
/* End XCSwiftPackageProductDependency section */
	};
	rootObject = 1B5FFE5F28222AB100EC5AD7 /* Project object */;
}
